
Microsoft Visual Studio Solution File, Format Version 12.00
# Visual Studio 14
VisualStudioVersion = 14.0.25420.1
MinimumVisualStudioVersion = 10.0.40219.1
Project("{8BC9CEB8-8B4A-11D0-8D11-00A0C91BC942}") = "enigma-cuda-lib", "enigma-cuda-lib\enigma-cuda-lib.vcxproj", "{5E74EB06-EE0D-412D-A274-FC26E5B5CC85}"
EndProject
Project("{8BC9CEB8-8B4A-11D0-8D11-00A0C91BC942}") = "enigma-cuda-tests", "enigma-cuda-tests\enigma-cuda-tests.vcxproj", "{E65262A1-8205-4355-B668-72D647618303}"
EndProject
Project("{8BC9CEB8-8B4A-11D0-8D11-00A0C91BC942}") = "enigma-cuda", "enigma-cuda\enigma-cuda.vcxproj", "{D1C96079-A8BD-4EF4-9F26-38EAF7C2932E}"
EndProject
Global
	GlobalSection(SolutionConfigurationPlatforms) = preSolution
		Debug|x64 = Debug|x64
		Debug|x86 = Debug|x86
		Release|x64 = Release|x64
		Release|x86 = Release|x86
	EndGlobalSection
	GlobalSection(ProjectConfigurationPlatforms) = postSolution
		{5E74EB06-EE0D-412D-A274-FC26E5B5CC85}.Debug|x64.ActiveCfg = Debug|x64
		{5E74EB06-EE0D-412D-A274-FC26E5B5CC85}.Debug|x64.Build.0 = Debug|x64
		{5E74EB06-EE0D-412D-A274-FC26E5B5CC85}.Debug|x86.ActiveCfg = Debug|Win32
		{5E74EB06-EE0D-412D-A274-FC26E5B5CC85}.Debug|x86.Build.0 = Debug|Win32
		{5E74EB06-EE0D-412D-A274-FC26E5B5CC85}.Release|x64.ActiveCfg = Release|x64
		{5E74EB06-EE0D-412D-A274-FC26E5B5CC85}.Release|x64.Build.0 = Release|x64
		{5E74EB06-EE0D-412D-A274-FC26E5B5CC85}.Release|x86.ActiveCfg = Release|Win32
		{5E74EB06-EE0D-412D-A274-FC26E5B5CC85}.Release|x86.Build.0 = Release|Win32
		{E65262A1-8205-4355-B668-72D647618303}.Debug|x64.ActiveCfg = Debug|x64
		{E65262A1-8205-4355-B668-72D647618303}.Debug|x64.Build.0 = Debug|x64
		{E65262A1-8205-4355-B668-72D647618303}.Debug|x86.ActiveCfg = Debug|Win32
		{E65262A1-8205-4355-B668-72D647618303}.Debug|x86.Build.0 = Debug|Win32
		{E65262A1-8205-4355-B668-72D647618303}.Release|x64.ActiveCfg = Release|x64
		{E65262A1-8205-4355-B668-72D647618303}.Release|x64.Build.0 = Release|x64
		{E65262A1-8205-4355-B668-72D647618303}.Release|x86.ActiveCfg = Release|Win32
		{E65262A1-8205-4355-B668-72D647618303}.Release|x86.Build.0 = Release|Win32
		{D1C96079-A8BD-4EF4-9F26-38EAF7C2932E}.Debug|x64.ActiveCfg = Debug|x64
		{D1C96079-A8BD-4EF4-9F26-38EAF7C2932E}.Debug|x64.Build.0 = Debug|x64
		{D1C96079-A8BD-4EF4-9F26-38EAF7C2932E}.Debug|x86.ActiveCfg = Debug|Win32
		{D1C96079-A8BD-4EF4-9F26-38EAF7C2932E}.Debug|x86.Build.0 = Debug|Win32
		{D1C96079-A8BD-4EF4-9F26-38EAF7C2932E}.Release|x64.ActiveCfg = Release|x64
		{D1C96079-A8BD-4EF4-9F26-38EAF7C2932E}.Release|x64.Build.0 = Release|x64
		{D1C96079-A8BD-4EF4-9F26-38EAF7C2932E}.Release|x86.ActiveCfg = Release|Win32
		{D1C96079-A8BD-4EF4-9F26-38EAF7C2932E}.Release|x86.Build.0 = Release|Win32
	EndGlobalSection
	GlobalSection(SolutionProperties) = preSolution
		HideSolutionNode = FALSE
	EndGlobalSection
EndGlobal
